
Microsoft Visual Studio Solution File, Format Version 12.00
# Visual Studio Version 16
VisualStudioVersion = 16.0.30611.23
MinimumVisualStudioVersion = 10.0.40219.1
Project("{FAE04EC0-301F-11D3-BF4B-00C04F79EFBC}") = "Projekt.Server", "Projekt\Server\Projekt.Server.csproj", "{35DBFDA0-FF99-4379-B84F-392B7FA8C725}"
EndProject
Project("{FAE04EC0-301F-11D3-BF4B-00C04F79EFBC}") = "Projekt.Client", "Projekt\Client\Projekt.Client.csproj", "{856865A4-BD01-4C95-8F44-3BB76C91BFB8}"
EndProject
Project("{FAE04EC0-301F-11D3-BF4B-00C04F79EFBC}") = "Projekt.Shared", "Projekt\Shared\Projekt.Shared.csproj", "{6FF97810-C25B-4EB7-B7D5-0EB08D9A4EB1}"
EndProject
Global
	GlobalSection(SolutionConfigurationPlatforms) = preSolution
		Debug|Any CPU = Debug|Any CPU
		Release|Any CPU = Release|Any CPU
	EndGlobalSection
	GlobalSection(ProjectConfigurationPlatforms) = postSolution
		{35DBFDA0-FF99-4379-B84F-392B7FA8C725}.Debug|Any CPU.ActiveCfg = Debug|Any CPU
		{35DBFDA0-FF99-4379-B84F-392B7FA8C725}.Debug|Any CPU.Build.0 = Debug|Any CPU
		{35DBFDA0-FF99-4379-B84F-392B7FA8C725}.Release|Any CPU.ActiveCfg = Release|Any CPU
		{35DBFDA0-FF99-4379-B84F-392B7FA8C725}.Release|Any CPU.Build.0 = Release|Any CPU
		{856865A4-BD01-4C95-8F44-3BB76C91BFB8}.Debug|Any CPU.ActiveCfg = Debug|Any CPU
		{856865A4-BD01-4C95-8F44-3BB76C91BFB8}.Debug|Any CPU.Build.0 = Debug|Any CPU
		{856865A4-BD01-4C95-8F44-3BB76C91BFB8}.Release|Any CPU.ActiveCfg = Release|Any CPU
		{856865A4-BD01-4C95-8F44-3BB76C91BFB8}.Release|Any CPU.Build.0 = Release|Any CPU
		{6FF97810-C25B-4EB7-B7D5-0EB08D9A4EB1}.Debug|Any CPU.ActiveCfg = Debug|Any CPU
		{6FF97810-C25B-4EB7-B7D5-0EB08D9A4EB1}.Debug|Any CPU.Build.0 = Debug|Any CPU
		{6FF97810-C25B-4EB7-B7D5-0EB08D9A4EB1}.Release|Any CPU.ActiveCfg = Release|Any CPU
		{6FF97810-C25B-4EB7-B7D5-0EB08D9A4EB1}.Release|Any CPU.Build.0 = Release|Any CPU
	EndGlobalSection
	GlobalSection(SolutionProperties) = preSolution
		HideSolutionNode = FALSE
	EndGlobalSection
	GlobalSection(ExtensibilityGlobals) = postSolution
		SolutionGuid = {E42E7E90-D75B-489E-8B84-EED2570E3E6A}
	EndGlobalSection
EndGlobal
